
Microsoft Visual Studio Solution File, Format Version 12.00
# Visual Studio 15
Project("{FAE04EC0-301F-11D3-BF4B-00C04F79EFBC}") = "Sample1.Android", "Sample1.Android\Sample1.Android.csproj", "{325B3A33-58F7-4AAB-8058-9E03C038263B}"
EndProject
Project("{FAE04EC0-301F-11D3-BF4B-00C04F79EFBC}") = "Sample1.iOS", "Sample1.iOS\Sample1.iOS.csproj", "{8CAC13CF-9C79-4D16-965E-367426B36909}"
EndProject
Project("{FAE04EC0-301F-11D3-BF4B-00C04F79EFBC}") = "Sample1", "Sample1\Sample1.csproj", "{3890774B-3C59-40CF-A146-338448574BCA}"
EndProject
Global
	GlobalSection(SolutionConfigurationPlatforms) = preSolution
		Debug|Any CPU = Debug|Any CPU
		Release|Any CPU = Release|Any CPU
		Debug|iPhoneSimulator = Debug|iPhoneSimulator
		Release|iPhoneSimulator = Release|iPhoneSimulator
		Debug|iPhone = Debug|iPhone
		Release|iPhone = Release|iPhone
	EndGlobalSection
	GlobalSection(ProjectConfigurationPlatforms) = postSolution
		{325B3A33-58F7-4AAB-8058-9E03C038263B}.Debug|Any CPU.ActiveCfg = Debug|Any CPU
		{325B3A33-58F7-4AAB-8058-9E03C038263B}.Debug|Any CPU.Build.0 = Debug|Any CPU
		{325B3A33-58F7-4AAB-8058-9E03C038263B}.Release|Any CPU.ActiveCfg = Release|Any CPU
		{325B3A33-58F7-4AAB-8058-9E03C038263B}.Release|Any CPU.Build.0 = Release|Any CPU
		{325B3A33-58F7-4AAB-8058-9E03C038263B}.Debug|iPhoneSimulator.ActiveCfg = Debug|Any CPU
		{325B3A33-58F7-4AAB-8058-9E03C038263B}.Debug|iPhoneSimulator.Build.0 = Debug|Any CPU
		{325B3A33-58F7-4AAB-8058-9E03C038263B}.Release|iPhoneSimulator.ActiveCfg = Release|Any CPU
		{325B3A33-58F7-4AAB-8058-9E03C038263B}.Release|iPhoneSimulator.Build.0 = Release|Any CPU
		{325B3A33-58F7-4AAB-8058-9E03C038263B}.Debug|iPhone.ActiveCfg = Debug|Any CPU
		{325B3A33-58F7-4AAB-8058-9E03C038263B}.Debug|iPhone.Build.0 = Debug|Any CPU
		{325B3A33-58F7-4AAB-8058-9E03C038263B}.Release|iPhone.ActiveCfg = Release|Any CPU
		{325B3A33-58F7-4AAB-8058-9E03C038263B}.Release|iPhone.Build.0 = Release|Any CPU
		{8CAC13CF-9C79-4D16-965E-367426B36909}.Debug|Any CPU.ActiveCfg = Debug|iPhoneSimulator
		{8CAC13CF-9C79-4D16-965E-367426B36909}.Debug|Any CPU.Build.0 = Debug|iPhoneSimulator
		{8CAC13CF-9C79-4D16-965E-367426B36909}.Release|Any CPU.ActiveCfg = Release|iPhoneSimulator
		{8CAC13CF-9C79-4D16-965E-367426B36909}.Release|Any CPU.Build.0 = Release|iPhoneSimulator
		{8CAC13CF-9C79-4D16-965E-367426B36909}.Debug|iPhoneSimulator.ActiveCfg = Debug|iPhoneSimulator
		{8CAC13CF-9C79-4D16-965E-367426B36909}.Debug|iPhoneSimulator.Build.0 = Debug|iPhoneSimulator
		{8CAC13CF-9C79-4D16-965E-367426B36909}.Release|iPhoneSimulator.ActiveCfg = Release|iPhoneSimulator
		{8CAC13CF-9C79-4D16-965E-367426B36909}.Release|iPhoneSimulator.Build.0 = Release|iPhoneSimulator
		{8CAC13CF-9C79-4D16-965E-367426B36909}.Debug|iPhone.ActiveCfg = Debug|iPhone
		{8CAC13CF-9C79-4D16-965E-367426B36909}.Debug|iPhone.Build.0 = Debug|iPhone
		{8CAC13CF-9C79-4D16-965E-367426B36909}.Release|iPhone.ActiveCfg = Release|iPhone
		{8CAC13CF-9C79-4D16-965E-367426B36909}.Release|iPhone.Build.0 = Release|iPhone
		{3890774B-3C59-40CF-A146-338448574BCA}.Debug|Any CPU.ActiveCfg = Debug|Any CPU
		{3890774B-3C59-40CF-A146-338448574BCA}.Debug|Any CPU.Build.0 = Debug|Any CPU
		{3890774B-3C59-40CF-A146-338448574BCA}.Release|Any CPU.ActiveCfg = Release|Any CPU
		{3890774B-3C59-40CF-A146-338448574BCA}.Release|Any CPU.Build.0 = Release|Any CPU
		{3890774B-3C59-40CF-A146-338448574BCA}.Debug|iPhoneSimulator.ActiveCfg = Debug|Any CPU
		{3890774B-3C59-40CF-A146-338448574BCA}.Debug|iPhoneSimulator.Build.0 = Debug|Any CPU
		{3890774B-3C59-40CF-A146-338448574BCA}.Release|iPhoneSimulator.ActiveCfg = Release|Any CPU
		{3890774B-3C59-40CF-A146-338448574BCA}.Release|iPhoneSimulator.Build.0 = Release|Any CPU
		{3890774B-3C59-40CF-A146-338448574BCA}.Debug|iPhone.ActiveCfg = Debug|Any CPU
		{3890774B-3C59-40CF-A146-338448574BCA}.Debug|iPhone.Build.0 = Debug|Any CPU
		{3890774B-3C59-40CF-A146-338448574BCA}.Release|iPhone.ActiveCfg = Release|Any CPU
		{3890774B-3C59-40CF-A146-338448574BCA}.Release|iPhone.Build.0 = Release|Any CPU
	EndGlobalSection
EndGlobal
